// !$*UTF8*$!
{
	archiveVersion = 1;
	classes = {
	};
	objectVersion = 50;
	objects = {

/* Begin PBXBuildFile section */
		A08E70D920B47F130049AB4B /* AppDelegate.swift in Sources */ = {isa = PBXBuildFile; fileRef = A08E70D820B47F130049AB4B /* AppDelegate.swift */; };
		A08E70DB20B47F130049AB4B /* TableViewController.swift in Sources */ = {isa = PBXBuildFile; fileRef = A08E70DA20B47F130049AB4B /* TableViewController.swift */; };
		A08E70DE20B47F130049AB4B /* Main.storyboard in Resources */ = {isa = PBXBuildFile; fileRef = A08E70DC20B47F130049AB4B /* Main.storyboard */; };
		A08E70E120B47F130049AB4B /* ContactList.xcdatamodeld in Sources */ = {isa = PBXBuildFile; fileRef = A08E70DF20B47F130049AB4B /* ContactList.xcdatamodeld */; };
		A08E70E320B47F140049AB4B /* Assets.xcassets in Resources */ = {isa = PBXBuildFile; fileRef = A08E70E220B47F140049AB4B /* Assets.xcassets */; };
		A08E70E620B47F140049AB4B /* LaunchScreen.storyboard in Resources */ = {isa = PBXBuildFile; fileRef = A08E70E420B47F140049AB4B /* LaunchScreen.storyboard */; };
		A08E70F120B47F140049AB4B /* ContactListTests.swift in Sources */ = {isa = PBXBuildFile; fileRef = A08E70F020B47F140049AB4B /* ContactListTests.swift */; };
		A08E70FC20B47F140049AB4B /* ContactListUITests.swift in Sources */ = {isa = PBXBuildFile; fileRef = A08E70FB20B47F140049AB4B /* ContactListUITests.swift */; };
		A08E710A20B481680049AB4B /* TableViewCell.swift in Sources */ = {isa = PBXBuildFile; fileRef = A08E710920B481680049AB4B /* TableViewCell.swift */; };
		A08E710C20B4817C0049AB4B /* AddViewController.swift in Sources */ = {isa = PBXBuildFile; fileRef = A08E710B20B4817C0049AB4B /* AddViewController.swift */; };
		A08E710E20B481C40049AB4B /* ViewViewController.swift in Sources */ = {isa = PBXBuildFile; fileRef = A08E710D20B481C40049AB4B /* ViewViewController.swift */; };
		A08E711020B482FA0049AB4B /* AddViewControllerDelegate.swift in Sources */ = {isa = PBXBuildFile; fileRef = A08E710F20B482FA0049AB4B /* AddViewControllerDelegate.swift */; };
/* End PBXBuildFile section */

/* Begin PBXContainerItemProxy section */
		A08E70ED20B47F140049AB4B /* PBXContainerItemProxy */ = {
			isa = PBXContainerItemProxy;
			containerPortal = A08E70CD20B47F120049AB4B /* Project object */;
			proxyType = 1;
			remoteGlobalIDString = A08E70D420B47F130049AB4B;
			remoteInfo = ContactList;
		};
		A08E70F820B47F140049AB4B /* PBXContainerItemProxy */ = {
			isa = PBXContainerItemProxy;
			containerPortal = A08E70CD20B47F120049AB4B /* Project object */;
			proxyType = 1;
			remoteGlobalIDString = A08E70D420B47F130049AB4B;
			remoteInfo = ContactList;
		};
/* End PBXContainerItemProxy section */

/* Begin PBXFileReference section */
		A08E70D520B47F130049AB4B /* ContactList.app */ = {isa = PBXFileReference; explicitFileType = wrapper.application; includeInIndex = 0; path = ContactList.app; sourceTree = BUILT_PRODUCTS_DIR; };
		A08E70D820B47F130049AB4B /* AppDelegate.swift */ = {isa = PBXFileReference; lastKnownFileType = sourcecode.swift; path = AppDelegate.swift; sourceTree = "<group>"; };
		A08E70DA20B47F130049AB4B /* TableViewController.swift */ = {isa = PBXFileReference; lastKnownFileType = sourcecode.swift; path = TableViewController.swift; sourceTree = "<group>"; };
		A08E70DD20B47F130049AB4B /* Base */ = {isa = PBXFileReference; lastKnownFileType = file.storyboard; name = Base; path = Base.lproj/Main.storyboard; sourceTree = "<group>"; };
		A08E70E020B47F130049AB4B /* ContactList.xcdatamodel */ = {isa = PBXFileReference; lastKnownFileType = wrapper.xcdatamodel; path = ContactList.xcdatamodel; sourceTree = "<group>"; };
		A08E70E220B47F140049AB4B /* Assets.xcassets */ = {isa = PBXFileReference; lastKnownFileType = folder.assetcatalog; path = Assets.xcassets; sourceTree = "<group>"; };
		A08E70E520B47F140049AB4B /* Base */ = {isa = PBXFileReference; lastKnownFileType = file.storyboard; name = Base; path = Base.lproj/LaunchScreen.storyboard; sourceTree = "<group>"; };
		A08E70E720B47F140049AB4B /* Info.plist */ = {isa = PBXFileReference; lastKnownFileType = text.plist.xml; path = Info.plist; sourceTree = "<group>"; };
		A08E70EC20B47F140049AB4B /* ContactListTests.xctest */ = {isa = PBXFileReference; explicitFileType = wrapper.cfbundle; includeInIndex = 0; path = ContactListTests.xctest; sourceTree = BUILT_PRODUCTS_DIR; };
		A08E70F020B47F140049AB4B /* ContactListTests.swift */ = {isa = PBXFileReference; lastKnownFileType = sourcecode.swift; path = ContactListTests.swift; sourceTree = "<group>"; };
		A08E70F220B47F140049AB4B /* Info.plist */ = {isa = PBXFileReference; lastKnownFileType = text.plist.xml; path = Info.plist; sourceTree = "<group>"; };
		A08E70F720B47F140049AB4B /* ContactListUITests.xctest */ = {isa = PBXFileReference; explicitFileType = wrapper.cfbundle; includeInIndex = 0; path = ContactListUITests.xctest; sourceTree = BUILT_PRODUCTS_DIR; };
		A08E70FB20B47F140049AB4B /* ContactListUITests.swift */ = {isa = PBXFileReference; lastKnownFileType = sourcecode.swift; path = ContactListUITests.swift; sourceTree = "<group>"; };
		A08E70FD20B47F140049AB4B /* Info.plist */ = {isa = PBXFileReference; lastKnownFileType = text.plist.xml; path = Info.plist; sourceTree = "<group>"; };
		A08E710920B481680049AB4B /* TableViewCell.swift */ = {isa = PBXFileReference; lastKnownFileType = sourcecode.swift; path = TableViewCell.swift; sourceTree = "<group>"; };
		A08E710B20B4817C0049AB4B /* AddViewController.swift */ = {isa = PBXFileReference; lastKnownFileType = sourcecode.swift; path = AddViewController.swift; sourceTree = "<group>"; };
		A08E710D20B481C40049AB4B /* ViewViewController.swift */ = {isa = PBXFileReference; lastKnownFileType = sourcecode.swift; path = ViewViewController.swift; sourceTree = "<group>"; };
		A08E710F20B482FA0049AB4B /* AddViewControllerDelegate.swift */ = {isa = PBXFileReference; lastKnownFileType = sourcecode.swift; path = AddViewControllerDelegate.swift; sourceTree = "<group>"; };
/* End PBXFileReference section */

/* Begin PBXFrameworksBuildPhase section */
		A08E70D220B47F130049AB4B /* Frameworks */ = {
			isa = PBXFrameworksBuildPhase;
			buildActionMask = 2147483647;
			files = (
			);
			runOnlyForDeploymentPostprocessing = 0;
		};
		A08E70E920B47F140049AB4B /* Frameworks */ = {
			isa = PBXFrameworksBuildPhase;
			buildActionMask = 2147483647;
			files = (
			);
			runOnlyForDeploymentPostprocessing = 0;
		};
		A08E70F420B47F140049AB4B /* Frameworks */ = {
			isa = PBXFrameworksBuildPhase;
			buildActionMask = 2147483647;
			files = (
			);
			runOnlyForDeploymentPostprocessing = 0;
		};
/* End PBXFrameworksBuildPhase section */

/* Begin PBXGroup section */
		A08E70CC20B47F120049AB4B = {
			isa = PBXGroup;
			children = (
				A08E70D720B47F130049AB4B /* ContactList */,
				A08E70EF20B47F140049AB4B /* ContactListTests */,
				A08E70FA20B47F140049AB4B /* ContactListUITests */,
				A08E70D620B47F130049AB4B /* Products */,
			);
			sourceTree = "<group>";
		};
		A08E70D620B47F130049AB4B /* Products */ = {
			isa = PBXGroup;
			children = (
				A08E70D520B47F130049AB4B /* ContactList.app */,
				A08E70EC20B47F140049AB4B /* ContactListTests.xctest */,
				A08E70F720B47F140049AB4B /* ContactListUITests.xctest */,
			);
			name = Products;
			sourceTree = "<group>";
		};
		A08E70D720B47F130049AB4B /* ContactList */ = {
			isa = PBXGroup;
			children = (
				A08E70D820B47F130049AB4B /* AppDelegate.swift */,
				A08E70DA20B47F130049AB4B /* TableViewController.swift */,
				A08E70DC20B47F130049AB4B /* Main.storyboard */,
				A08E710D20B481C40049AB4B /* ViewViewController.swift */,
				A08E710920B481680049AB4B /* TableViewCell.swift */,
				A08E710B20B4817C0049AB4B /* AddViewController.swift */,
				A08E710F20B482FA0049AB4B /* AddViewControllerDelegate.swift */,
				A08E70E220B47F140049AB4B /* Assets.xcassets */,
				A08E70E420B47F140049AB4B /* LaunchScreen.storyboard */,
				A08E70E720B47F140049AB4B /* Info.plist */,
				A08E70DF20B47F130049AB4B /* ContactList.xcdatamodeld */,
			);
			path = ContactList;
			sourceTree = "<group>";
		};
		A08E70EF20B47F140049AB4B /* ContactListTests */ = {
			isa = PBXGroup;
			children = (
				A08E70F020B47F140049AB4B /* ContactListTests.swift */,
				A08E70F220B47F140049AB4B /* Info.plist */,
			);
			path = ContactListTests;
			sourceTree = "<group>";
		};
		A08E70FA20B47F140049AB4B /* ContactListUITests */ = {
			isa = PBXGroup;
			children = (
				A08E70FB20B47F140049AB4B /* ContactListUITests.swift */,
				A08E70FD20B47F140049AB4B /* Info.plist */,
			);
			path = ContactListUITests;
			sourceTree = "<group>";
		};
/* End PBXGroup section */

/* Begin PBXNativeTarget section */
		A08E70D420B47F130049AB4B /* ContactList */ = {
			isa = PBXNativeTarget;
			buildConfigurationList = A08E710020B47F140049AB4B /* Build configuration list for PBXNativeTarget "ContactList" */;
			buildPhases = (
				A08E70D120B47F130049AB4B /* Sources */,
				A08E70D220B47F130049AB4B /* Frameworks */,
				A08E70D320B47F130049AB4B /* Resources */,
			);
			buildRules = (
			);
			dependencies = (
			);
			name = ContactList;
			productName = ContactList;
			productReference = A08E70D520B47F130049AB4B /* ContactList.app */;
			productType = "com.apple.product-type.application";
		};
		A08E70EB20B47F140049AB4B /* ContactListTests */ = {
			isa = PBXNativeTarget;
			buildConfigurationList = A08E710320B47F140049AB4B /* Build configuration list for PBXNativeTarget "ContactListTests" */;
			buildPhases = (
				A08E70E820B47F140049AB4B /* Sources */,
				A08E70E920B47F140049AB4B /* Frameworks */,
				A08E70EA20B47F140049AB4B /* Resources */,
			);
			buildRules = (
			);
			dependencies = (
				A08E70EE20B47F140049AB4B /* PBXTargetDependency */,
			);
			name = ContactListTests;
			productName = ContactListTests;
			productReference = A08E70EC20B47F140049AB4B /* ContactListTests.xctest */;
			productType = "com.apple.product-type.bundle.unit-test";
		};
		A08E70F620B47F140049AB4B /* ContactListUITests */ = {
			isa = PBXNativeTarget;
			buildConfigurationList = A08E710620B47F140049AB4B /* Build configuration list for PBXNativeTarget "ContactListUITests" */;
			buildPhases = (
				A08E70F320B47F140049AB4B /* Sources */,
				A08E70F420B47F140049AB4B /* Frameworks */,
				A08E70F520B47F140049AB4B /* Resources */,
			);
			buildRules = (
			);
			dependencies = (
				A08E70F920B47F140049AB4B /* PBXTargetDependency */,
			);
			name = ContactListUITests;
			productName = ContactListUITests;
			productReference = A08E70F720B47F140049AB4B /* ContactListUITests.xctest */;
			productType = "com.apple.product-type.bundle.ui-testing";
		};
/* End PBXNativeTarget section */

/* Begin PBXProject section */
		A08E70CD20B47F120049AB4B /* Project object */ = {
			isa = PBXProject;
			attributes = {
				LastSwiftUpdateCheck = 0930;
				LastUpgradeCheck = 0930;
				ORGANIZATIONNAME = Alphie;
				TargetAttributes = {
					A08E70D420B47F130049AB4B = {
						CreatedOnToolsVersion = 9.3;
					};
					A08E70EB20B47F140049AB4B = {
						CreatedOnToolsVersion = 9.3;
						TestTargetID = A08E70D420B47F130049AB4B;
					};
					A08E70F620B47F140049AB4B = {
						CreatedOnToolsVersion = 9.3;
						TestTargetID = A08E70D420B47F130049AB4B;
					};
				};
			};
			buildConfigurationList = A08E70D020B47F120049AB4B /* Build configuration list for PBXProject "ContactList" */;
			compatibilityVersion = "Xcode 9.3";
			developmentRegion = en;
			hasScannedForEncodings = 0;
			knownRegions = (
				en,
				Base,
			);
			mainGroup = A08E70CC20B47F120049AB4B;
			productRefGroup = A08E70D620B47F130049AB4B /* Products */;
			projectDirPath = "";
			projectRoot = "";
			targets = (
				A08E70D420B47F130049AB4B /* ContactList */,
				A08E70EB20B47F140049AB4B /* ContactListTests */,
				A08E70F620B47F140049AB4B /* ContactListUITests */,
			);
		};
/* End PBXProject section */

/* Begin PBXResourcesBuildPhase section */
		A08E70D320B47F130049AB4B /* Resources */ = {
			isa = PBXResourcesBuildPhase;
			buildActionMask = 2147483647;
			files = (
				A08E70E620B47F140049AB4B /* LaunchScreen.storyboard in Resources */,
				A08E70E320B47F140049AB4B /* Assets.xcassets in Resources */,
				A08E70DE20B47F130049AB4B /* Main.storyboard in Resources */,
			);
			runOnlyForDeploymentPostprocessing = 0;
		};
		A08E70EA20B47F140049AB4B /* Resources */ = {
			isa = PBXResourcesBuildPhase;
			buildActionMask = 2147483647;
			files = (
			);
			runOnlyForDeploymentPostprocessing = 0;
		};
		A08E70F520B47F140049AB4B /* Resources */ = {
			isa = PBXResourcesBuildPhase;
			buildActionMask = 2147483647;
			files = (
			);
			runOnlyForDeploymentPostprocessing = 0;
		};
/* End PBXResourcesBuildPhase section */

/* Begin PBXSourcesBuildPhase section */
		A08E70D120B47F130049AB4B /* Sources */ = {
			isa = PBXSourcesBuildPhase;
			buildActionMask = 2147483647;
			files = (
				A08E710C20B4817C0049AB4B /* AddViewController.swift in Sources */,
				A08E70DB20B47F130049AB4B /* TableViewController.swift in Sources */,
				A08E711020B482FA0049AB4B /* AddViewControllerDelegate.swift in Sources */,
				A08E710A20B481680049AB4B /* TableViewCell.swift in Sources */,
				A08E710E20B481C40049AB4B /* ViewViewController.swift in Sources */,
				A08E70E120B47F130049AB4B /* ContactList.xcdatamodeld in Sources */,
				A08E70D920B47F130049AB4B /* AppDelegate.swift in Sources */,
			);
			runOnlyForDeploymentPostprocessing = 0;
		};
		A08E70E820B47F140049AB4B /* Sources */ = {
			isa = PBXSourcesBuildPhase;
			buildActionMask = 2147483647;
			files = (
				A08E70F120B47F140049AB4B /* ContactListTests.swift in Sources */,
			);
			runOnlyForDeploymentPostprocessing = 0;
		};
		A08E70F320B47F140049AB4B /* Sources */ = {
			isa = PBXSourcesBuildPhase;
			buildActionMask = 2147483647;
			files = (
				A08E70FC20B47F140049AB4B /* ContactListUITests.swift in Sources */,
			);
			runOnlyForDeploymentPostprocessing = 0;
		};
/* End PBXSourcesBuildPhase section */

/* Begin PBXTargetDependency section */
		A08E70EE20B47F140049AB4B /* PBXTargetDependency */ = {
			isa = PBXTargetDependency;
			target = A08E70D420B47F130049AB4B /* ContactList */;
			targetProxy = A08E70ED20B47F140049AB4B /* PBXContainerItemProxy */;
		};
		A08E70F920B47F140049AB4B /* PBXTargetDependency */ = {
			isa = PBXTargetDependency;
			target = A08E70D420B47F130049AB4B /* ContactList */;
			targetProxy = A08E70F820B47F140049AB4B /* PBXContainerItemProxy */;
		};
/* End PBXTargetDependency section */

/* Begin PBXVariantGroup section */
		A08E70DC20B47F130049AB4B /* Main.storyboard */ = {
			isa = PBXVariantGroup;
			children = (
				A08E70DD20B47F130049AB4B /* Base */,
			);
			name = Main.storyboard;
			sourceTree = "<group>";
		};
		A08E70E420B47F140049AB4B /* LaunchScreen.storyboard */ = {
			isa = PBXVariantGroup;
			children = (
				A08E70E520B47F140049AB4B /* Base */,
			);
			name = LaunchScreen.storyboard;
			sourceTree = "<group>";
		};
/* End PBXVariantGroup section */

/* Begin XCBuildConfiguration section */
		A08E70FE20B47F140049AB4B /* Debug */ = {
			isa = XCBuildConfiguration;
			buildSettings = {
				ALWAYS_SEARCH_USER_PATHS = NO;
				CLANG_ANALYZER_NONNULL = YES;
				CLANG_ANALYZER_NUMBER_OBJECT_CONVERSION = YES_AGGRESSIVE;
				CLANG_CXX_LANGUAGE_STANDARD = "gnu++14";
				CLANG_CXX_LIBRARY = "libc++";
				CLANG_ENABLE_MODULES = YES;
				CLANG_ENABLE_OBJC_ARC = YES;
				CLANG_ENABLE_OBJC_WEAK = YES;
				CLANG_WARN_BLOCK_CAPTURE_AUTORELEASING = YES;
				CLANG_WARN_BOOL_CONVERSION = YES;
				CLANG_WARN_COMMA = YES;
				CLANG_WARN_CONSTANT_CONVERSION = YES;
				CLANG_WARN_DEPRECATED_OBJC_IMPLEMENTATIONS = YES;
				CLANG_WARN_DIRECT_OBJC_ISA_USAGE = YES_ERROR;
				CLANG_WARN_DOCUMENTATION_COMMENTS = YES;
				CLANG_WARN_EMPTY_BODY = YES;
				CLANG_WARN_ENUM_CONVERSION = YES;
				CLANG_WARN_INFINITE_RECURSION = YES;
				CLANG_WARN_INT_CONVERSION = YES;
				CLANG_WARN_NON_LITERAL_NULL_CONVERSION = YES;
				CLANG_WARN_OBJC_IMPLICIT_RETAIN_SELF = YES;
				CLANG_WARN_OBJC_LITERAL_CONVERSION = YES;
				CLANG_WARN_OBJC_ROOT_CLASS = YES_ERROR;
				CLANG_WARN_RANGE_LOOP_ANALYSIS = YES;
				CLANG_WARN_STRICT_PROTOTYPES = YES;
				CLANG_WARN_SUSPICIOUS_MOVE = YES;
				CLANG_WARN_UNGUARDED_AVAILABILITY = YES_AGGRESSIVE;
				CLANG_WARN_UNREACHABLE_CODE = YES;
				CLANG_WARN__DUPLICATE_METHOD_MATCH = YES;
				CODE_SIGN_IDENTITY = "iPhone Developer";
				COPY_PHASE_STRIP = NO;
				DEBUG_INFORMATION_FORMAT = dwarf;
				ENABLE_STRICT_OBJC_MSGSEND = YES;
				ENABLE_TESTABILITY = YES;
				GCC_C_LANGUAGE_STANDARD = gnu11;
				GCC_DYNAMIC_NO_PIC = NO;
				GCC_NO_COMMON_BLOCKS = YES;
				GCC_OPTIMIZATION_LEVEL = 0;
				GCC_PREPROCESSOR_DEFINITIONS = (
					"DEBUG=1",
					"$(inherited)",
				);
				GCC_WARN_64_TO_32_BIT_CONVERSION = YES;
				GCC_WARN_ABOUT_RETURN_TYPE = YES_ERROR;
				GCC_WARN_UNDECLARED_SELECTOR = YES;
				GCC_WARN_UNINITIALIZED_AUTOS = YES_AGGRESSIVE;
				GCC_WARN_UNUSED_FUNCTION = YES;
				GCC_WARN_UNUSED_VARIABLE = YES;
				IPHONEOS_DEPLOYMENT_TARGET = 11.3;
				MTL_ENABLE_DEBUG_INFO = YES;
				ONLY_ACTIVE_ARCH = YES;
				SDKROOT = iphoneos;
				SWIFT_ACTIVE_COMPILATION_CONDITIONS = DEBUG;
				SWIFT_OPTIMIZATION_LEVEL = "-Onone";
			};
			name = Debug;
		};
		A08E70FF20B47F140049AB4B /* Release */ = {
			isa = XCBuildConfiguration;
			buildSettings = {
				ALWAYS_SEARCH_USER_PATHS = NO;
				CLANG_ANALYZER_NONNULL = YES;
				CLANG_ANALYZER_NUMBER_OBJECT_CONVERSION = YES_AGGRESSIVE;
				CLANG_CXX_LANGUAGE_STANDARD = "gnu++14";
				CLANG_CXX_LIBRARY = "libc++";
				CLANG_ENABLE_MODULES = YES;
				CLANG_ENABLE_OBJC_ARC = YES;
				CLANG_ENABLE_OBJC_WEAK = YES;
				CLANG_WARN_BLOCK_CAPTURE_AUTORELEASING = YES;
				CLANG_WARN_BOOL_CONVERSION = YES;
				CLANG_WARN_COMMA = YES;
				CLANG_WARN_CONSTANT_CONVERSION = YES;
				CLANG_WARN_DEPRECATED_OBJC_IMPLEMENTATIONS = YES;
				CLANG_WARN_DIRECT_OBJC_ISA_USAGE = YES_ERROR;
				CLANG_WARN_DOCUMENTATION_COMMENTS = YES;
				CLANG_WARN_EMPTY_BODY = YES;
				CLANG_WARN_ENUM_CONVERSION = YES;
				CLANG_WARN_INFINITE_RECURSION = YES;
				CLANG_WARN_INT_CONVERSION = YES;
				CLANG_WARN_NON_LITERAL_NULL_CONVERSION = YES;
				CLANG_WARN_OBJC_IMPLICIT_RETAIN_SELF = YES;
				CLANG_WARN_OBJC_LITERAL_CONVERSION = YES;
				CLANG_WARN_OBJC_ROOT_CLASS = YES_ERROR;
				CLANG_WARN_RANGE_LOOP_ANALYSIS = YES;
				CLANG_WARN_STRICT_PROTOTYPES = YES;
				CLANG_WARN_SUSPICIOUS_MOVE = YES;
				CLANG_WARN_UNGUARDED_AVAILABILITY = YES_AGGRESSIVE;
				CLANG_WARN_UNREACHABLE_CODE = YES;
				CLANG_WARN__DUPLICATE_METHOD_MATCH = YES;
				CODE_SIGN_IDENTITY = "iPhone Developer";
				COPY_PHASE_STRIP = NO;
				DEBUG_INFORMATION_FORMAT = "dwarf-with-dsym";
				ENABLE_NS_ASSERTIONS = NO;
				ENABLE_STRICT_OBJC_MSGSEND = YES;
				GCC_C_LANGUAGE_STANDARD = gnu11;
				GCC_NO_COMMON_BLOCKS = YES;
				GCC_WARN_64_TO_32_BIT_CONVERSION = YES;
				GCC_WARN_ABOUT_RETURN_TYPE = YES_ERROR;
				GCC_WARN_UNDECLARED_SELECTOR = YES;
				GCC_WARN_UNINITIALIZED_AUTOS = YES_AGGRESSIVE;
				GCC_WARN_UNUSED_FUNCTION = YES;
				GCC_WARN_UNUSED_VARIABLE = YES;
				IPHONEOS_DEPLOYMENT_TARGET = 11.3;
				MTL_ENABLE_DEBUG_INFO = NO;
				SDKROOT = iphoneos;
				SWIFT_COMPILATION_MODE = wholemodule;
				SWIFT_OPTIMIZATION_LEVEL = "-O";
				VALIDATE_PRODUCT = YES;
			};
			name = Release;
		};
		A08E710120B47F140049AB4B /* Debug */ = {
			isa = XCBuildConfiguration;
			buildSettings = {
				ASSETCATALOG_COMPILER_APPICON_NAME = AppIcon;
				CODE_SIGN_STYLE = Automatic;
				DEVELOPMENT_TEAM = 6Q5XPKVQP8;
				INFOPLIST_FILE = ContactList/Info.plist;
				LD_RUNPATH_SEARCH_PATHS = (
					"$(inherited)",
					"@executable_path/Frameworks",
				);
				PRODUCT_BUNDLE_IDENTIFIER = com.alanchen.ContactList;
				PRODUCT_NAME = "$(TARGET_NAME)";
				SWIFT_VERSION = 4.0;
				TARGETED_DEVICE_FAMILY = "1,2";
			};
			name = Debug;
		};
		A08E710220B47F140049AB4B /* Release */ = {
			isa = XCBuildConfiguration;
			buildSettings = {
				ASSETCATALOG_COMPILER_APPICON_NAME = AppIcon;
				CODE_SIGN_STYLE = Automatic;
				DEVELOPMENT_TEAM = 6Q5XPKVQP8;
				INFOPLIST_FILE = ContactList/Info.plist;
				LD_RUNPATH_SEARCH_PATHS = (
					"$(inherited)",
					"@executable_path/Frameworks",
				);
				PRODUCT_BUNDLE_IDENTIFIER = com.alanchen.ContactList;
				PRODUCT_NAME = "$(TARGET_NAME)";
				SWIFT_VERSION = 4.0;
				TARGETED_DEVICE_FAMILY = "1,2";
			};
			name = Release;
		};
		A08E710420B47F140049AB4B /* Debug */ = {
			isa = XCBuildConfiguration;
			buildSettings = {
				ALWAYS_EMBED_SWIFT_STANDARD_LIBRARIES = YES;
				BUNDLE_LOADER = "$(TEST_HOST)";
				CODE_SIGN_STYLE = Automatic;
				DEVELOPMENT_TEAM = 6Q5XPKVQP8;
				INFOPLIST_FILE = ContactListTests/Info.plist;
				LD_RUNPATH_SEARCH_PATHS = (
					"$(inherited)",
					"@executable_path/Frameworks",
					"@loader_path/Frameworks",
				);
				PRODUCT_BUNDLE_IDENTIFIER = com.alanchen.ContactListTests;
				PRODUCT_NAME = "$(TARGET_NAME)";
				SWIFT_VERSION = 4.0;
				TARGETED_DEVICE_FAMILY = "1,2";
				TEST_HOST = "$(BUILT_PRODUCTS_DIR)/ContactList.app/ContactList";
			};
			name = Debug;
		};
		A08E710520B47F140049AB4B /* Release */ = {
			isa = XCBuildConfiguration;
			buildSettings = {
				ALWAYS_EMBED_SWIFT_STANDARD_LIBRARIES = YES;
				BUNDLE_LOADER = "$(TEST_HOST)";
				CODE_SIGN_STYLE = Automatic;
				DEVELOPMENT_TEAM = 6Q5XPKVQP8;
				INFOPLIST_FILE = ContactListTests/Info.plist;
				LD_RUNPATH_SEARCH_PATHS = (
					"$(inherited)",
					"@executable_path/Frameworks",
					"@loader_path/Frameworks",
				);
				PRODUCT_BUNDLE_IDENTIFIER = com.alanchen.ContactListTests;
				PRODUCT_NAME = "$(TARGET_NAME)";
				SWIFT_VERSION = 4.0;
				TARGETED_DEVICE_FAMILY = "1,2";
				TEST_HOST = "$(BUILT_PRODUCTS_DIR)/ContactList.app/ContactList";
			};
			name = Release;
		};
		A08E710720B47F140049AB4B /* Debug */ = {
			isa = XCBuildConfiguration;
			buildSettings = {
				ALWAYS_EMBED_SWIFT_STANDARD_LIBRARIES = YES;
				CODE_SIGN_STYLE = Automatic;
				DEVELOPMENT_TEAM = 6Q5XPKVQP8;
				INFOPLIST_FILE = ContactListUITests/Info.plist;
				LD_RUNPATH_SEARCH_PATHS = (
					"$(inherited)",
					"@executable_path/Frameworks",
					"@loader_path/Frameworks",
				);
				PRODUCT_BUNDLE_IDENTIFIER = com.alanchen.ContactListUITests;
				PRODUCT_NAME = "$(TARGET_NAME)";
				SWIFT_VERSION = 4.0;
				TARGETED_DEVICE_FAMILY = "1,2";
				TEST_TARGET_NAME = ContactList;
			};
			name = Debug;
		};
		A08E710820B47F140049AB4B /* Release */ = {
			isa = XCBuildConfiguration;
			buildSettings = {
				ALWAYS_EMBED_SWIFT_STANDARD_LIBRARIES = YES;
				CODE_SIGN_STYLE = Automatic;
				DEVELOPMENT_TEAM = 6Q5XPKVQP8;
				INFOPLIST_FILE = ContactListUITests/Info.plist;
				LD_RUNPATH_SEARCH_PATHS = (
					"$(inherited)",
					"@executable_path/Frameworks",
					"@loader_path/Frameworks",
				);
				PRODUCT_BUNDLE_IDENTIFIER = com.alanchen.ContactListUITests;
				PRODUCT_NAME = "$(TARGET_NAME)";
				SWIFT_VERSION = 4.0;
				TARGETED_DEVICE_FAMILY = "1,2";
				TEST_TARGET_NAME = ContactList;
			};
			name = Release;
		};
/* End XCBuildConfiguration section */

/* Begin XCConfigurationList section */
		A08E70D020B47F120049AB4B /* Build configuration list for PBXProject "ContactList" */ = {
			isa = XCConfigurationList;
			buildConfigurations = (
				A08E70FE20B47F140049AB4B /* Debug */,
				A08E70FF20B47F140049AB4B /* Release */,
			);
			defaultConfigurationIsVisible = 0;
			defaultConfigurationName = Release;
		};
		A08E710020B47F140049AB4B /* Build configuration list for PBXNativeTarget "ContactList" */ = {
			isa = XCConfigurationList;
			buildConfigurations = (
				A08E710120B47F140049AB4B /* Debug */,
				A08E710220B47F140049AB4B /* Release */,
			);
			defaultConfigurationIsVisible = 0;
			defaultConfigurationName = Release;
		};
		A08E710320B47F140049AB4B /* Build configuration list for PBXNativeTarget "ContactListTests" */ = {
			isa = XCConfigurationList;
			buildConfigurations = (
				A08E710420B47F140049AB4B /* Debug */,
				A08E710520B47F140049AB4B /* Release */,
			);
			defaultConfigurationIsVisible = 0;
			defaultConfigurationName = Release;
		};
		A08E710620B47F140049AB4B /* Build configuration list for PBXNativeTarget "ContactListUITests" */ = {
			isa = XCConfigurationList;
			buildConfigurations = (
				A08E710720B47F140049AB4B /* Debug */,
				A08E710820B47F140049AB4B /* Release */,
			);
			defaultConfigurationIsVisible = 0;
			defaultConfigurationName = Release;
		};
/* End XCConfigurationList section */

/* Begin XCVersionGroup section */
		A08E70DF20B47F130049AB4B /* ContactList.xcdatamodeld */ = {
			isa = XCVersionGroup;
			children = (
				A08E70E020B47F130049AB4B /* ContactList.xcdatamodel */,
			);
			currentVersion = A08E70E020B47F130049AB4B /* ContactList.xcdatamodel */;
			path = ContactList.xcdatamodeld;
			sourceTree = "<group>";
			versionGroupType = wrapper.xcdatamodel;
		};
/* End XCVersionGroup section */
	};
	rootObject = A08E70CD20B47F120049AB4B /* Project object */;
}
